<?xml version="1.0" encoding="utf-8"?>
<Project ToolsVersion="4.0" xmlns="http://schemas.microsoft.com/developer/msbuild/2003">
  <ItemGroup>
    <Filter Include="Source Files">
      <UniqueIdentifier>{4FC737F1-C7A5-4376-A066-2A32D752A2FF}</UniqueIdentifier>
      <Extensions>cpp;cxx;c;def</Extensions>
    </Filter>
    <Filter Include="Header Files">
      <UniqueIdentifier>{93995380-89BD-4b04-88EB-625FBE52EBFB}</UniqueIdentifier>
      <Extensions>h</Extensions>
    </Filter>
    <Filter Include="Form Files">
      <UniqueIdentifier>{99349809-55BA-4b9d-BF79-8FDBB0286EB3}</UniqueIdentifier>
      <Extensions>ui</Extensions>
    </Filter>
    <Filter Include="Resource Files">
      <UniqueIdentifier>{D9D6E242-F8AF-46E4-B9FD-80ECBC20BA3E}</UniqueIdentifier>
      <Extensions>qrc;*</Extensions>
      <ParseFiles>false</ParseFiles>
    </Filter>
    <Filter Include="Generated Files">
      <UniqueIdentifier>{71ED8ED8-ACB9-4CE9-BBE1-E00B30144E11}</UniqueIdentifier>
      <Extensions>moc;h;cpp</Extensions>
      <SourceControlFiles>False</SourceControlFiles>
    </Filter>
    <Filter Include="Generated Files\Debug">
      <UniqueIdentifier>{8d66dc5d-54c6-44c2-8f9d-4ce5c12c8b8e}</UniqueIdentifier>
      <Extensions>cpp;moc</Extensions>
      <SourceControlFiles>False</SourceControlFiles>
    </Filter>
    <Filter Include="Generated Files\Release">
      <UniqueIdentifier>{59cf46ac-0e68-41a6-b278-4c02eab670ca}</UniqueIdentifier>
      <Extensions>cpp;moc</Extensions>
      <SourceControlFiles>False</SourceControlFiles>
    </Filter>
  </ItemGroup>
  <ItemGroup>
    <ClCompile Include="main.cpp">
      <Filter>Source Files</Filter>
    </ClCompile>
    <ClCompile Include="one.cpp">
      <Filter>Source Files</Filter>
    </ClCompile>
    <ClCompile Include="GeneratedFiles\Debug\moc_one.cpp">
      <Filter>Generated Files\Debug</Filter>
    </ClCompile>
    <ClCompile Include="GeneratedFiles\Release\moc_one.cpp">
      <Filter>Generated Files\Release</Filter>
    </ClCompile>
    <ClCompile Include="GeneratedFiles\qrc_one.cpp">
      <Filter>Generated Files</Filter>
    </ClCompile>
    <ClCompile Include="test_self_CPU.cpp">
      <Filter>Source Files</Filter>
    </ClCompile>
    <ClCompile Include="mult.cpp">
      <Filter>Source Files</Filter>
    </ClCompile>
    <ClCompile Include="inverse.cpp">
      <Filter>Source Files</Filter>
    </ClCompile>
    <ClCompile Include="init_X_X_t.cpp">
      <Filter>Source Files</Filter>
    </ClCompile>
    <ClCompile Include="dluav.cpp">
      <Filter>Source Files</Filter>
    </ClCompile>
    <ClCompile Include="compute.cpp">
      <Filter>Source Files</Filter>
    </ClCompile>
    <ClCompile Include="test_CPU.cpp">
      <Filter>Source Files</Filter>
    </ClCompile>
    <ClCompile Include="test_mid_CPU.cpp">
      <Filter>Source Files</Filter>
    </ClCompile>
    <ClCompile Include="test_ave_CPU.cpp">
      <Filter>Source Files</Filter>
    </ClCompile>
  </ItemGroup>
  <ItemGroup>
    <CustomBuild Include="one.h">
      <Filter>Header Files</Filter>
    </CustomBuild>
    <CustomBuild Include="one.ui">
      <Filter>Form Files</Filter>
    </CustomBuild>
    <CustomBuild Include="one.qrc">
      <Filter>Resource Files</Filter>
    </CustomBuild>
  </ItemGroup>
  <ItemGroup>
    <ClInclude Include="GeneratedFiles\ui_one.h">
      <Filter>Generated Files</Filter>
    </ClInclude>
    <ClInclude Include="test.h">
      <Filter>Header Files</Filter>
    </ClInclude>
    <ClInclude Include="mult.h">
      <Filter>Header Files</Filter>
    </ClInclude>
    <ClInclude Include="inverse.h">
      <Filter>Header Files</Filter>
    </ClInclude>
    <ClInclude Include="init_X_X_t.h">
      <Filter>Header Files</Filter>
    </ClInclude>
    <ClInclude Include="dluav.h">
      <Filter>Header Files</Filter>
    </ClInclude>
    <ClInclude Include="compute.h">
      <Filter>Header Files</Filter>
    </ClInclude>
    <ClInclude Include="resource.h">
      <Filter>Header Files</Filter>
    </ClInclude>
  </ItemGroup>
  <ItemGroup>
    <CudaCompile Include="test_GPU.cu">
      <Filter>Source Files</Filter>
    </CudaCompile>
  </ItemGroup>
  <ItemGroup>
    <ResourceCompile Include="one.rc" />
  </ItemGroup>
</Project>